
Microsoft Visual Studio Solution File, Format Version 12.00
# Visual Studio Version 16
VisualStudioVersion = 16.0.30907.101
MinimumVisualStudioVersion = 10.0.40219.1
Project("{FAE04EC0-301F-11D3-BF4B-00C04F79EFBC}") = "Daniel's UI prototype", "Daniel's UI prototype.csproj", "{1F7D550C-4220-4EC2-89CF-7342DEFC801D}"
EndProject
Global
	GlobalSection(SolutionConfigurationPlatforms) = preSolution
		Debug|Any CPU = Debug|Any CPU
		Release|Any CPU = Release|Any CPU
	EndGlobalSection
	GlobalSection(ProjectConfigurationPlatforms) = postSolution
		{1F7D550C-4220-4EC2-89CF-7342DEFC801D}.Debug|Any CPU.ActiveCfg = Debug|Any CPU
		{1F7D550C-4220-4EC2-89CF-7342DEFC801D}.Debug|Any CPU.Build.0 = Debug|Any CPU
		{1F7D550C-4220-4EC2-89CF-7342DEFC801D}.Release|Any CPU.ActiveCfg = Release|Any CPU
		{1F7D550C-4220-4EC2-89CF-7342DEFC801D}.Release|Any CPU.Build.0 = Release|Any CPU
	EndGlobalSection
	GlobalSection(SolutionProperties) = preSolution
		HideSolutionNode = FALSE
	EndGlobalSection
	GlobalSection(ExtensibilityGlobals) = postSolution
		SolutionGuid = {BE47341F-C7FD-4ED8-B87C-BA1FE7D78A53}
	EndGlobalSection
EndGlobal
